// !$*UTF8*$!
{
	archiveVersion = 1;
	classes = {
	};
	objectVersion = 46;
	objects = {

/* Begin PBXBuildFile section */
		4133BD131D5A884C001EA380 /* AppDelegate.swift in Sources */ = {isa = PBXBuildFile; fileRef = 4133BD121D5A884C001EA380 /* AppDelegate.swift */; };
		4133BD151D5A884C001EA380 /* ViewController.swift in Sources */ = {isa = PBXBuildFile; fileRef = 4133BD141D5A884C001EA380 /* ViewController.swift */; };
		4133BD181D5A884C001EA380 /* Main.storyboard in Resources */ = {isa = PBXBuildFile; fileRef = 4133BD161D5A884C001EA380 /* Main.storyboard */; };
		4133BD1A1D5A884C001EA380 /* Assets.xcassets in Resources */ = {isa = PBXBuildFile; fileRef = 4133BD191D5A884C001EA380 /* Assets.xcassets */; };
		4133BD251D5A8A48001EA380 /* LoginViewController.swift in Sources */ = {isa = PBXBuildFile; fileRef = 4133BD241D5A8A48001EA380 /* LoginViewController.swift */; };
		4133BD281D5A9539001EA380 /* SignUpViewController.swift in Sources */ = {isa = PBXBuildFile; fileRef = 4133BD271D5A9539001EA380 /* SignUpViewController.swift */; };
		4133BD2B1D5A9761001EA380 /* FriendsListViewController.swift in Sources */ = {isa = PBXBuildFile; fileRef = 4133BD2A1D5A9761001EA380 /* FriendsListViewController.swift */; };
		4133BD2E1D5A9ABA001EA380 /* AddFriendViewController.swift in Sources */ = {isa = PBXBuildFile; fileRef = 4133BD2D1D5A9ABA001EA380 /* AddFriendViewController.swift */; };
		4133BD301D5AAB0C001EA380 /* ChatsViewController.swift in Sources */ = {isa = PBXBuildFile; fileRef = 4133BD2F1D5AAB0C001EA380 /* ChatsViewController.swift */; };
		4133BD321D5AC635001EA380 /* SettingsViewController.swift in Sources */ = {isa = PBXBuildFile; fileRef = 4133BD311D5AC635001EA380 /* SettingsViewController.swift */; };
		4133BD3F1D5ACDF6001EA380 /* ChatScreenViewController.swift in Sources */ = {isa = PBXBuildFile; fileRef = 4133BD3E1D5ACDF6001EA380 /* ChatScreenViewController.swift */; };
		4133BD431D5ACEB1001EA380 /* Auth.storyboard in Resources */ = {isa = PBXBuildFile; fileRef = 4133BD411D5ACEB1001EA380 /* Auth.storyboard */; };
		4133BD461D5ACEE8001EA380 /* Friends.storyboard in Resources */ = {isa = PBXBuildFile; fileRef = 4133BD441D5ACEE8001EA380 /* Friends.storyboard */; };
		4133BD491D5ACF45001EA380 /* ChatScreen.storyboard in Resources */ = {isa = PBXBuildFile; fileRef = 4133BD471D5ACF45001EA380 /* ChatScreen.storyboard */; };
		4133BD4C1D5ACF82001EA380 /* ChatsView.storyboard in Resources */ = {isa = PBXBuildFile; fileRef = 4133BD4A1D5ACF82001EA380 /* ChatsView.storyboard */; };
		4150B4381D5BB382006B7D57 /* SocketIOManager.swift in Sources */ = {isa = PBXBuildFile; fileRef = 4150B4371D5BB382006B7D57 /* SocketIOManager.swift */; };
		4150B4831D5BCE81006B7D57 /* SocketAckEmitter.swift in Sources */ = {isa = PBXBuildFile; fileRef = 4150B46D1D5BCE81006B7D57 /* SocketAckEmitter.swift */; };
		4150B4841D5BCE81006B7D57 /* SocketAckManager.swift in Sources */ = {isa = PBXBuildFile; fileRef = 4150B46E1D5BCE81006B7D57 /* SocketAckManager.swift */; };
		4150B4851D5BCE81006B7D57 /* SocketAnyEvent.swift in Sources */ = {isa = PBXBuildFile; fileRef = 4150B46F1D5BCE81006B7D57 /* SocketAnyEvent.swift */; };
		4150B4861D5BCE81006B7D57 /* SocketClientSpec.swift in Sources */ = {isa = PBXBuildFile; fileRef = 4150B4701D5BCE81006B7D57 /* SocketClientSpec.swift */; };
		4150B4871D5BCE81006B7D57 /* SocketEngine.swift in Sources */ = {isa = PBXBuildFile; fileRef = 4150B4711D5BCE81006B7D57 /* SocketEngine.swift */; };
		4150B4881D5BCE81006B7D57 /* SocketEngineClient.swift in Sources */ = {isa = PBXBuildFile; fileRef = 4150B4721D5BCE81006B7D57 /* SocketEngineClient.swift */; };
		4150B4891D5BCE81006B7D57 /* SocketEnginePacketType.swift in Sources */ = {isa = PBXBuildFile; fileRef = 4150B4731D5BCE81006B7D57 /* SocketEnginePacketType.swift */; };
		4150B48A1D5BCE81006B7D57 /* SocketEnginePollable.swift in Sources */ = {isa = PBXBuildFile; fileRef = 4150B4741D5BCE81006B7D57 /* SocketEnginePollable.swift */; };
		4150B48B1D5BCE81006B7D57 /* SocketEngineSpec.swift in Sources */ = {isa = PBXBuildFile; fileRef = 4150B4751D5BCE81006B7D57 /* SocketEngineSpec.swift */; };
		4150B48C1D5BCE81006B7D57 /* SocketEngineWebsocket.swift in Sources */ = {isa = PBXBuildFile; fileRef = 4150B4761D5BCE81006B7D57 /* SocketEngineWebsocket.swift */; };
		4150B48D1D5BCE81006B7D57 /* SocketEventHandler.swift in Sources */ = {isa = PBXBuildFile; fileRef = 4150B4771D5BCE81006B7D57 /* SocketEventHandler.swift */; };
		4150B48E1D5BCE81006B7D57 /* SocketFixUTF8.swift in Sources */ = {isa = PBXBuildFile; fileRef = 4150B4781D5BCE81006B7D57 /* SocketFixUTF8.swift */; };
		4150B48F1D5BCE81006B7D57 /* SocketIOClient.swift in Sources */ = {isa = PBXBuildFile; fileRef = 4150B4791D5BCE81006B7D57 /* SocketIOClient.swift */; };
		4150B4901D5BCE81006B7D57 /* SocketIOClientOption.swift in Sources */ = {isa = PBXBuildFile; fileRef = 4150B47A1D5BCE81006B7D57 /* SocketIOClientOption.swift */; };
		4150B4911D5BCE81006B7D57 /* SocketIOClientStatus.swift in Sources */ = {isa = PBXBuildFile; fileRef = 4150B47B1D5BCE81006B7D57 /* SocketIOClientStatus.swift */; };
		4150B4921D5BCE81006B7D57 /* SocketLogger.swift in Sources */ = {isa = PBXBuildFile; fileRef = 4150B47C1D5BCE81006B7D57 /* SocketLogger.swift */; };
		4150B4931D5BCE81006B7D57 /* SocketPacket.swift in Sources */ = {isa = PBXBuildFile; fileRef = 4150B47D1D5BCE81006B7D57 /* SocketPacket.swift */; };
		4150B4941D5BCE81006B7D57 /* SocketParsable.swift in Sources */ = {isa = PBXBuildFile; fileRef = 4150B47E1D5BCE81006B7D57 /* SocketParsable.swift */; };
		4150B4951D5BCE81006B7D57 /* SocketStringReader.swift in Sources */ = {isa = PBXBuildFile; fileRef = 4150B47F1D5BCE81006B7D57 /* SocketStringReader.swift */; };
		4150B4961D5BCE81006B7D57 /* SocketTypes.swift in Sources */ = {isa = PBXBuildFile; fileRef = 4150B4801D5BCE81006B7D57 /* SocketTypes.swift */; };
		4150B4971D5BCE81006B7D57 /* SwiftRegex.swift in Sources */ = {isa = PBXBuildFile; fileRef = 4150B4811D5BCE81006B7D57 /* SwiftRegex.swift */; };
		4150B4981D5BCE81006B7D57 /* WebSocket.swift in Sources */ = {isa = PBXBuildFile; fileRef = 4150B4821D5BCE81006B7D57 /* WebSocket.swift */; };
		41F2A25E1D602D97006FACDF /* FriendModel.swift in Sources */ = {isa = PBXBuildFile; fileRef = 41F2A25D1D602D97006FACDF /* FriendModel.swift */; };
		7F4E8E185D8DD250161576AA /* Pods_noise.framework in Frameworks */ = {isa = PBXBuildFile; fileRef = F9981FC16F4BAB37E6E8653C /* Pods_noise.framework */; };
/* End PBXBuildFile section */

/* Begin PBXFileReference section */
		4133BD0F1D5A884C001EA380 /* noise.app */ = {isa = PBXFileReference; explicitFileType = wrapper.application; includeInIndex = 0; path = noise.app; sourceTree = BUILT_PRODUCTS_DIR; };
		4133BD121D5A884C001EA380 /* AppDelegate.swift */ = {isa = PBXFileReference; lastKnownFileType = sourcecode.swift; path = AppDelegate.swift; sourceTree = "<group>"; };
		4133BD141D5A884C001EA380 /* ViewController.swift */ = {isa = PBXFileReference; lastKnownFileType = sourcecode.swift; path = ViewController.swift; sourceTree = "<group>"; };
		4133BD171D5A884C001EA380 /* Base */ = {isa = PBXFileReference; lastKnownFileType = file.storyboard; name = Base; path = Base.lproj/Main.storyboard; sourceTree = "<group>"; };
		4133BD191D5A884C001EA380 /* Assets.xcassets */ = {isa = PBXFileReference; lastKnownFileType = folder.assetcatalog; path = Assets.xcassets; sourceTree = "<group>"; };
		4133BD1E1D5A884C001EA380 /* Info.plist */ = {isa = PBXFileReference; lastKnownFileType = text.plist.xml; path = Info.plist; sourceTree = "<group>"; };
		4133BD241D5A8A48001EA380 /* LoginViewController.swift */ = {isa = PBXFileReference; fileEncoding = 4; lastKnownFileType = sourcecode.swift; name = LoginViewController.swift; path = login/LoginViewController.swift; sourceTree = "<group>"; };
		4133BD271D5A9539001EA380 /* SignUpViewController.swift */ = {isa = PBXFileReference; fileEncoding = 4; lastKnownFileType = sourcecode.swift; name = SignUpViewController.swift; path = signup/SignUpViewController.swift; sourceTree = "<group>"; };
		4133BD2A1D5A9761001EA380 /* FriendsListViewController.swift */ = {isa = PBXFileReference; fileEncoding = 4; lastKnownFileType = sourcecode.swift; name = FriendsListViewController.swift; path = friendsList/FriendsListViewController.swift; sourceTree = "<group>"; };
		4133BD2D1D5A9ABA001EA380 /* AddFriendViewController.swift */ = {isa = PBXFileReference; fileEncoding = 4; lastKnownFileType = sourcecode.swift; name = AddFriendViewController.swift; path = friendsList/AddFriendViewController.swift; sourceTree = "<group>"; };
		4133BD2F1D5AAB0C001EA380 /* ChatsViewController.swift */ = {isa = PBXFileReference; fileEncoding = 4; lastKnownFileType = sourcecode.swift; name = ChatsViewController.swift; path = friendsList/ChatsViewController.swift; sourceTree = "<group>"; };
		4133BD311D5AC635001EA380 /* SettingsViewController.swift */ = {isa = PBXFileReference; fileEncoding = 4; lastKnownFileType = sourcecode.swift; name = SettingsViewController.swift; path = settings/SettingsViewController.swift; sourceTree = "<group>"; };
		4133BD3E1D5ACDF6001EA380 /* ChatScreenViewController.swift */ = {isa = PBXFileReference; fileEncoding = 4; lastKnownFileType = sourcecode.swift; name = ChatScreenViewController.swift; path = chatscreen/ChatScreenViewController.swift; sourceTree = "<group>"; };
		4133BD421D5ACEB1001EA380 /* Base */ = {isa = PBXFileReference; lastKnownFileType = file.storyboard; name = Base; path = Base.lproj/Auth.storyboard; sourceTree = "<group>"; };
		4133BD451D5ACEE8001EA380 /* Base */ = {isa = PBXFileReference; lastKnownFileType = file.storyboard; name = Base; path = Base.lproj/Friends.storyboard; sourceTree = "<group>"; };
		4133BD481D5ACF45001EA380 /* Base */ = {isa = PBXFileReference; lastKnownFileType = file.storyboard; name = Base; path = Base.lproj/ChatScreen.storyboard; sourceTree = "<group>"; };
		4133BD4B1D5ACF82001EA380 /* Base */ = {isa = PBXFileReference; lastKnownFileType = file.storyboard; name = Base; path = Base.lproj/ChatsView.storyboard; sourceTree = "<group>"; };
		4150B4371D5BB382006B7D57 /* SocketIOManager.swift */ = {isa = PBXFileReference; fileEncoding = 4; lastKnownFileType = sourcecode.swift; name = SocketIOManager.swift; path = socketio/SocketIOManager.swift; sourceTree = "<group>"; };
		4150B46D1D5BCE81006B7D57 /* SocketAckEmitter.swift */ = {isa = PBXFileReference; fileEncoding = 4; lastKnownFileType = sourcecode.swift; path = SocketAckEmitter.swift; sourceTree = "<group>"; };
		4150B46E1D5BCE81006B7D57 /* SocketAckManager.swift */ = {isa = PBXFileReference; fileEncoding = 4; lastKnownFileType = sourcecode.swift; path = SocketAckManager.swift; sourceTree = "<group>"; };
		4150B46F1D5BCE81006B7D57 /* SocketAnyEvent.swift */ = {isa = PBXFileReference; fileEncoding = 4; lastKnownFileType = sourcecode.swift; path = SocketAnyEvent.swift; sourceTree = "<group>"; };
		4150B4701D5BCE81006B7D57 /* SocketClientSpec.swift */ = {isa = PBXFileReference; fileEncoding = 4; lastKnownFileType = sourcecode.swift; path = SocketClientSpec.swift; sourceTree = "<group>"; };
		4150B4711D5BCE81006B7D57 /* SocketEngine.swift */ = {isa = PBXFileReference; fileEncoding = 4; lastKnownFileType = sourcecode.swift; path = SocketEngine.swift; sourceTree = "<group>"; };
		4150B4721D5BCE81006B7D57 /* SocketEngineClient.swift */ = {isa = PBXFileReference; fileEncoding = 4; lastKnownFileType = sourcecode.swift; path = SocketEngineClient.swift; sourceTree = "<group>"; };
		4150B4731D5BCE81006B7D57 /* SocketEnginePacketType.swift */ = {isa = PBXFileReference; fileEncoding = 4; lastKnownFileType = sourcecode.swift; path = SocketEnginePacketType.swift; sourceTree = "<group>"; };
		4150B4741D5BCE81006B7D57 /* SocketEnginePollable.swift */ = {isa = PBXFileReference; fileEncoding = 4; lastKnownFileType = sourcecode.swift; path = SocketEnginePollable.swift; sourceTree = "<group>"; };
		4150B4751D5BCE81006B7D57 /* SocketEngineSpec.swift */ = {isa = PBXFileReference; fileEncoding = 4; lastKnownFileType = sourcecode.swift; path = SocketEngineSpec.swift; sourceTree = "<group>"; };
		4150B4761D5BCE81006B7D57 /* SocketEngineWebsocket.swift */ = {isa = PBXFileReference; fileEncoding = 4; lastKnownFileType = sourcecode.swift; path = SocketEngineWebsocket.swift; sourceTree = "<group>"; };
		4150B4771D5BCE81006B7D57 /* SocketEventHandler.swift */ = {isa = PBXFileReference; fileEncoding = 4; lastKnownFileType = sourcecode.swift; path = SocketEventHandler.swift; sourceTree = "<group>"; };
		4150B4781D5BCE81006B7D57 /* SocketFixUTF8.swift */ = {isa = PBXFileReference; fileEncoding = 4; lastKnownFileType = sourcecode.swift; path = SocketFixUTF8.swift; sourceTree = "<group>"; };
		4150B4791D5BCE81006B7D57 /* SocketIOClient.swift */ = {isa = PBXFileReference; fileEncoding = 4; lastKnownFileType = sourcecode.swift; path = SocketIOClient.swift; sourceTree = "<group>"; };
		4150B47A1D5BCE81006B7D57 /* SocketIOClientOption.swift */ = {isa = PBXFileReference; fileEncoding = 4; lastKnownFileType = sourcecode.swift; path = SocketIOClientOption.swift; sourceTree = "<group>"; };
		4150B47B1D5BCE81006B7D57 /* SocketIOClientStatus.swift */ = {isa = PBXFileReference; fileEncoding = 4; lastKnownFileType = sourcecode.swift; path = SocketIOClientStatus.swift; sourceTree = "<group>"; };
		4150B47C1D5BCE81006B7D57 /* SocketLogger.swift */ = {isa = PBXFileReference; fileEncoding = 4; lastKnownFileType = sourcecode.swift; path = SocketLogger.swift; sourceTree = "<group>"; };
		4150B47D1D5BCE81006B7D57 /* SocketPacket.swift */ = {isa = PBXFileReference; fileEncoding = 4; lastKnownFileType = sourcecode.swift; path = SocketPacket.swift; sourceTree = "<group>"; };
		4150B47E1D5BCE81006B7D57 /* SocketParsable.swift */ = {isa = PBXFileReference; fileEncoding = 4; lastKnownFileType = sourcecode.swift; path = SocketParsable.swift; sourceTree = "<group>"; };
		4150B47F1D5BCE81006B7D57 /* SocketStringReader.swift */ = {isa = PBXFileReference; fileEncoding = 4; lastKnownFileType = sourcecode.swift; path = SocketStringReader.swift; sourceTree = "<group>"; };
		4150B4801D5BCE81006B7D57 /* SocketTypes.swift */ = {isa = PBXFileReference; fileEncoding = 4; lastKnownFileType = sourcecode.swift; path = SocketTypes.swift; sourceTree = "<group>"; };
		4150B4811D5BCE81006B7D57 /* SwiftRegex.swift */ = {isa = PBXFileReference; fileEncoding = 4; lastKnownFileType = sourcecode.swift; path = SwiftRegex.swift; sourceTree = "<group>"; };
		4150B4821D5BCE81006B7D57 /* WebSocket.swift */ = {isa = PBXFileReference; fileEncoding = 4; lastKnownFileType = sourcecode.swift; path = WebSocket.swift; sourceTree = "<group>"; };
		41F2A25D1D602D97006FACDF /* FriendModel.swift */ = {isa = PBXFileReference; fileEncoding = 4; lastKnownFileType = sourcecode.swift; name = FriendModel.swift; path = friendsList/FriendModel.swift; sourceTree = "<group>"; };
		CDA99FFDD7F7E7F392F1770E /* Pods-noise.release.xcconfig */ = {isa = PBXFileReference; includeInIndex = 1; lastKnownFileType = text.xcconfig; name = "Pods-noise.release.xcconfig"; path = "Pods/Target Support Files/Pods-noise/Pods-noise.release.xcconfig"; sourceTree = "<group>"; };
		EC55034E9BE5841B9462767A /* Pods-noise.debug.xcconfig */ = {isa = PBXFileReference; includeInIndex = 1; lastKnownFileType = text.xcconfig; name = "Pods-noise.debug.xcconfig"; path = "Pods/Target Support Files/Pods-noise/Pods-noise.debug.xcconfig"; sourceTree = "<group>"; };
		F9981FC16F4BAB37E6E8653C /* Pods_noise.framework */ = {isa = PBXFileReference; explicitFileType = wrapper.framework; includeInIndex = 0; path = Pods_noise.framework; sourceTree = BUILT_PRODUCTS_DIR; };
/* End PBXFileReference section */

/* Begin PBXFrameworksBuildPhase section */
		4133BD0C1D5A884C001EA380 /* Frameworks */ = {
			isa = PBXFrameworksBuildPhase;
			buildActionMask = 2147483647;
			files = (
				7F4E8E185D8DD250161576AA /* Pods_noise.framework in Frameworks */,
			);
			runOnlyForDeploymentPostprocessing = 0;
		};
/* End PBXFrameworksBuildPhase section */

/* Begin PBXGroup section */
		4133BD061D5A884C001EA380 = {
			isa = PBXGroup;
			children = (
				4150B46B1D5BCE81006B7D57 /* source */,
				BBC07F581D5AD6C800FCE5A1 /* client */,
				BEF83FB3F75738DBA04403DC /* Pods */,
				FB61D0C57B9BF2929EE53C54 /* Frameworks */,
			);
			sourceTree = "<group>";
		};
		4133BD101D5A884C001EA380 /* Products */ = {
			isa = PBXGroup;
			children = (
				4133BD0F1D5A884C001EA380 /* noise.app */,
			);
			name = Products;
			sourceTree = "<group>";
		};
		4133BD111D5A884C001EA380 /* noise */ = {
			isa = PBXGroup;
			children = (
				4150B4391D5BB3A9006B7D57 /* socketio */,
				4133BD401D5ACDFF001EA380 /* chatscreen */,
				4133BD341D5AC660001EA380 /* settings */,
				4133BD2C1D5A9768001EA380 /* friends */,
				4133BD4E1D5AD03C001EA380 /* auth */,
				4133BD121D5A884C001EA380 /* AppDelegate.swift */,
				4133BD141D5A884C001EA380 /* ViewController.swift */,
				4133BD161D5A884C001EA380 /* Main.storyboard */,
				4133BD191D5A884C001EA380 /* Assets.xcassets */,
				4133BD1E1D5A884C001EA380 /* Info.plist */,
			);
			path = noise;
			sourceTree = "<group>";
		};
		4133BD261D5A8A55001EA380 /* login */ = {
			isa = PBXGroup;
			children = (
				4133BD241D5A8A48001EA380 /* LoginViewController.swift */,
			);
			name = login;
			sourceTree = "<group>";
		};
		4133BD291D5A954C001EA380 /* signup */ = {
			isa = PBXGroup;
			children = (
				4133BD271D5A9539001EA380 /* SignUpViewController.swift */,
			);
			name = signup;
			sourceTree = "<group>";
		};
		4133BD2C1D5A9768001EA380 /* friends */ = {
			isa = PBXGroup;
			children = (
				4133BD441D5ACEE8001EA380 /* Friends.storyboard */,
				4133BD2F1D5AAB0C001EA380 /* ChatsViewController.swift */,
				4133BD2A1D5A9761001EA380 /* FriendsListViewController.swift */,
				4133BD2D1D5A9ABA001EA380 /* AddFriendViewController.swift */,
				41F2A25D1D602D97006FACDF /* FriendModel.swift */,
			);
			name = friends;
			sourceTree = "<group>";
		};
		4133BD341D5AC660001EA380 /* settings */ = {
			isa = PBXGroup;
			children = (
				4133BD311D5AC635001EA380 /* SettingsViewController.swift */,
			);
			name = settings;
			sourceTree = "<group>";
		};
		4133BD401D5ACDFF001EA380 /* chatscreen */ = {
			isa = PBXGroup;
			children = (
				4133BD4A1D5ACF82001EA380 /* ChatsView.storyboard */,
				4133BD471D5ACF45001EA380 /* ChatScreen.storyboard */,
				4133BD3E1D5ACDF6001EA380 /* ChatScreenViewController.swift */,
			);
			name = chatscreen;
			sourceTree = "<group>";
		};
		4133BD4E1D5AD03C001EA380 /* auth */ = {
			isa = PBXGroup;
			children = (
				4133BD411D5ACEB1001EA380 /* Auth.storyboard */,
				4133BD291D5A954C001EA380 /* signup */,
				4133BD261D5A8A55001EA380 /* login */,
			);
			name = auth;
			sourceTree = "<group>";
		};
		4150B4391D5BB3A9006B7D57 /* socketio */ = {
			isa = PBXGroup;
			children = (
				4150B4371D5BB382006B7D57 /* SocketIOManager.swift */,
			);
			name = socketio;
			sourceTree = "<group>";
		};
		4150B46B1D5BCE81006B7D57 /* source */ = {
			isa = PBXGroup;
			children = (
				4150B46C1D5BCE81006B7D57 /* sockets */,
			);
			path = source;
			sourceTree = "<group>";
		};
		4150B46C1D5BCE81006B7D57 /* sockets */ = {
			isa = PBXGroup;
			children = (
				4150B46D1D5BCE81006B7D57 /* SocketAckEmitter.swift */,
				4150B46E1D5BCE81006B7D57 /* SocketAckManager.swift */,
				4150B46F1D5BCE81006B7D57 /* SocketAnyEvent.swift */,
				4150B4701D5BCE81006B7D57 /* SocketClientSpec.swift */,
				4150B4711D5BCE81006B7D57 /* SocketEngine.swift */,
				4150B4721D5BCE81006B7D57 /* SocketEngineClient.swift */,
				4150B4731D5BCE81006B7D57 /* SocketEnginePacketType.swift */,
				4150B4741D5BCE81006B7D57 /* SocketEnginePollable.swift */,
				4150B4751D5BCE81006B7D57 /* SocketEngineSpec.swift */,
				4150B4761D5BCE81006B7D57 /* SocketEngineWebsocket.swift */,
				4150B4771D5BCE81006B7D57 /* SocketEventHandler.swift */,
				4150B4781D5BCE81006B7D57 /* SocketFixUTF8.swift */,
				4150B4791D5BCE81006B7D57 /* SocketIOClient.swift */,
				4150B47A1D5BCE81006B7D57 /* SocketIOClientOption.swift */,
				4150B47B1D5BCE81006B7D57 /* SocketIOClientStatus.swift */,
				4150B47C1D5BCE81006B7D57 /* SocketLogger.swift */,
				4150B47D1D5BCE81006B7D57 /* SocketPacket.swift */,
				4150B47E1D5BCE81006B7D57 /* SocketParsable.swift */,
				4150B47F1D5BCE81006B7D57 /* SocketStringReader.swift */,
				4150B4801D5BCE81006B7D57 /* SocketTypes.swift */,
				4150B4811D5BCE81006B7D57 /* SwiftRegex.swift */,
				4150B4821D5BCE81006B7D57 /* WebSocket.swift */,
			);
			path = sockets;
			sourceTree = "<group>";
		};
		BBC07F581D5AD6C800FCE5A1 /* client */ = {
			isa = PBXGroup;
			children = (
				4133BD111D5A884C001EA380 /* noise */,
				4133BD101D5A884C001EA380 /* Products */,
			);
			name = client;
			sourceTree = "<group>";
		};
		BEF83FB3F75738DBA04403DC /* Pods */ = {
			isa = PBXGroup;
			children = (
				EC55034E9BE5841B9462767A /* Pods-noise.debug.xcconfig */,
				CDA99FFDD7F7E7F392F1770E /* Pods-noise.release.xcconfig */,
			);
			name = Pods;
			sourceTree = "<group>";
		};
		FB61D0C57B9BF2929EE53C54 /* Frameworks */ = {
			isa = PBXGroup;
			children = (
				F9981FC16F4BAB37E6E8653C /* Pods_noise.framework */,
			);
			name = Frameworks;
			sourceTree = "<group>";
		};
/* End PBXGroup section */

/* Begin PBXNativeTarget section */
		4133BD0E1D5A884C001EA380 /* noise */ = {
			isa = PBXNativeTarget;
			buildConfigurationList = 4133BD211D5A884C001EA380 /* Build configuration list for PBXNativeTarget "noise" */;
			buildPhases = (
				329C13FEC47FC76593E1E84E /* [CP] Check Pods Manifest.lock */,
				4133BD0B1D5A884C001EA380 /* Sources */,
				4133BD0C1D5A884C001EA380 /* Frameworks */,
				4133BD0D1D5A884C001EA380 /* Resources */,
				7508A09A9A49AC4DB8C1D3E4 /* [CP] Embed Pods Frameworks */,
				04ADEE855DC25EA7B951922F /* [CP] Copy Pods Resources */,
			);
			buildRules = (
			);
			dependencies = (
			);
			name = noise;
			productName = noise;
			productReference = 4133BD0F1D5A884C001EA380 /* noise.app */;
			productType = "com.apple.product-type.application";
		};
/* End PBXNativeTarget section */

/* Begin PBXProject section */
		4133BD071D5A884C001EA380 /* Project object */ = {
			isa = PBXProject;
			attributes = {
				LastSwiftUpdateCheck = 0730;
				LastUpgradeCheck = 0730;
				ORGANIZATIONNAME = "Chivalrous Giants";
				TargetAttributes = {
					4133BD0E1D5A884C001EA380 = {
						CreatedOnToolsVersion = 7.3.1;
						DevelopmentTeam = FGVK7Z3329;
					};
				};
			};
			buildConfigurationList = 4133BD0A1D5A884C001EA380 /* Build configuration list for PBXProject "noise" */;
			compatibilityVersion = "Xcode 3.2";
			developmentRegion = English;
			hasScannedForEncodings = 0;
			knownRegions = (
				en,
				Base,
			);
			mainGroup = 4133BD061D5A884C001EA380;
			productRefGroup = 4133BD101D5A884C001EA380 /* Products */;
			projectDirPath = "";
			projectRoot = "";
			targets = (
				4133BD0E1D5A884C001EA380 /* noise */,
			);
		};
/* End PBXProject section */

/* Begin PBXResourcesBuildPhase section */
		4133BD0D1D5A884C001EA380 /* Resources */ = {
			isa = PBXResourcesBuildPhase;
			buildActionMask = 2147483647;
			files = (
				4133BD491D5ACF45001EA380 /* ChatScreen.storyboard in Resources */,
				4133BD431D5ACEB1001EA380 /* Auth.storyboard in Resources */,
				4133BD4C1D5ACF82001EA380 /* ChatsView.storyboard in Resources */,
				4133BD461D5ACEE8001EA380 /* Friends.storyboard in Resources */,
				4133BD1A1D5A884C001EA380 /* Assets.xcassets in Resources */,
				4133BD181D5A884C001EA380 /* Main.storyboard in Resources */,
			);
			runOnlyForDeploymentPostprocessing = 0;
		};
/* End PBXResourcesBuildPhase section */

/* Begin PBXShellScriptBuildPhase section */
		04ADEE855DC25EA7B951922F /* [CP] Copy Pods Resources */ = {
			isa = PBXShellScriptBuildPhase;
			buildActionMask = 2147483647;
			files = (
			);
			inputPaths = (
			);
			name = "[CP] Copy Pods Resources";
			outputPaths = (
			);
			runOnlyForDeploymentPostprocessing = 0;
			shellPath = /bin/sh;
			shellScript = "\"${SRCROOT}/Pods/Target Support Files/Pods-noise/Pods-noise-resources.sh\"\n";
			showEnvVarsInLog = 0;
		};
		329C13FEC47FC76593E1E84E /* [CP] Check Pods Manifest.lock */ = {
			isa = PBXShellScriptBuildPhase;
			buildActionMask = 2147483647;
			files = (
			);
			inputPaths = (
			);
			name = "[CP] Check Pods Manifest.lock";
			outputPaths = (
			);
			runOnlyForDeploymentPostprocessing = 0;
			shellPath = /bin/sh;
			shellScript = "diff \"${PODS_ROOT}/../Podfile.lock\" \"${PODS_ROOT}/Manifest.lock\" > /dev/null\nif [[ $? != 0 ]] ; then\n    cat << EOM\nerror: The sandbox is not in sync with the Podfile.lock. Run 'pod install' or update your CocoaPods installation.\nEOM\n    exit 1\nfi\n";
			showEnvVarsInLog = 0;
		};
		7508A09A9A49AC4DB8C1D3E4 /* [CP] Embed Pods Frameworks */ = {
			isa = PBXShellScriptBuildPhase;
			buildActionMask = 2147483647;
			files = (
			);
			inputPaths = (
			);
			name = "[CP] Embed Pods Frameworks";
			outputPaths = (
			);
			runOnlyForDeploymentPostprocessing = 0;
			shellPath = /bin/sh;
			shellScript = "\"${SRCROOT}/Pods/Target Support Files/Pods-noise/Pods-noise-frameworks.sh\"\n";
			showEnvVarsInLog = 0;
		};
/* End PBXShellScriptBuildPhase section */

/* Begin PBXSourcesBuildPhase section */
		4133BD0B1D5A884C001EA380 /* Sources */ = {
			isa = PBXSourcesBuildPhase;
			buildActionMask = 2147483647;
			files = (
				4150B4841D5BCE81006B7D57 /* SocketAckManager.swift in Sources */,
				4150B4881D5BCE81006B7D57 /* SocketEngineClient.swift in Sources */,
				4133BD2E1D5A9ABA001EA380 /* AddFriendViewController.swift in Sources */,
				4133BD3F1D5ACDF6001EA380 /* ChatScreenViewController.swift in Sources */,
				4150B48C1D5BCE81006B7D57 /* SocketEngineWebsocket.swift in Sources */,
				4150B4851D5BCE81006B7D57 /* SocketAnyEvent.swift in Sources */,
				4150B4941D5BCE81006B7D57 /* SocketParsable.swift in Sources */,
				4150B4921D5BCE81006B7D57 /* SocketLogger.swift in Sources */,
				4150B4931D5BCE81006B7D57 /* SocketPacket.swift in Sources */,
				4150B4911D5BCE81006B7D57 /* SocketIOClientStatus.swift in Sources */,
				4150B4951D5BCE81006B7D57 /* SocketStringReader.swift in Sources */,
				4150B4901D5BCE81006B7D57 /* SocketIOClientOption.swift in Sources */,
				4133BD251D5A8A48001EA380 /* LoginViewController.swift in Sources */,
				4150B48B1D5BCE81006B7D57 /* SocketEngineSpec.swift in Sources */,
				4150B4381D5BB382006B7D57 /* SocketIOManager.swift in Sources */,
				4150B48F1D5BCE81006B7D57 /* SocketIOClient.swift in Sources */,
				4150B4871D5BCE81006B7D57 /* SocketEngine.swift in Sources */,
				4150B4981D5BCE81006B7D57 /* WebSocket.swift in Sources */,
				4150B4861D5BCE81006B7D57 /* SocketClientSpec.swift in Sources */,
				4150B4891D5BCE81006B7D57 /* SocketEnginePacketType.swift in Sources */,
				4133BD151D5A884C001EA380 /* ViewController.swift in Sources */,
				4150B48E1D5BCE81006B7D57 /* SocketFixUTF8.swift in Sources */,
				41F2A25E1D602D97006FACDF /* FriendModel.swift in Sources */,
				4133BD2B1D5A9761001EA380 /* FriendsListViewController.swift in Sources */,
				4150B4961D5BCE81006B7D57 /* SocketTypes.swift in Sources */,
				4133BD301D5AAB0C001EA380 /* ChatsViewController.swift in Sources */,
				4150B48A1D5BCE81006B7D57 /* SocketEnginePollable.swift in Sources */,
				4133BD281D5A9539001EA380 /* SignUpViewController.swift in Sources */,
				4133BD131D5A884C001EA380 /* AppDelegate.swift in Sources */,
				4150B48D1D5BCE81006B7D57 /* SocketEventHandler.swift in Sources */,
				4150B4831D5BCE81006B7D57 /* SocketAckEmitter.swift in Sources */,
				4150B4971D5BCE81006B7D57 /* SwiftRegex.swift in Sources */,
				4133BD321D5AC635001EA380 /* SettingsViewController.swift in Sources */,
			);
			runOnlyForDeploymentPostprocessing = 0;
		};
/* End PBXSourcesBuildPhase section */

/* Begin PBXVariantGroup section */
		4133BD161D5A884C001EA380 /* Main.storyboard */ = {
			isa = PBXVariantGroup;
			children = (
				4133BD171D5A884C001EA380 /* Base */,
			);
			name = Main.storyboard;
			sourceTree = "<group>";
		};
		4133BD411D5ACEB1001EA380 /* Auth.storyboard */ = {
			isa = PBXVariantGroup;
			children = (
				4133BD421D5ACEB1001EA380 /* Base */,
			);
			name = Auth.storyboard;
			sourceTree = "<group>";
		};
		4133BD441D5ACEE8001EA380 /* Friends.storyboard */ = {
			isa = PBXVariantGroup;
			children = (
				4133BD451D5ACEE8001EA380 /* Base */,
			);
			name = Friends.storyboard;
			sourceTree = "<group>";
		};
		4133BD471D5ACF45001EA380 /* ChatScreen.storyboard */ = {
			isa = PBXVariantGroup;
			children = (
				4133BD481D5ACF45001EA380 /* Base */,
			);
			name = ChatScreen.storyboard;
			sourceTree = "<group>";
		};
		4133BD4A1D5ACF82001EA380 /* ChatsView.storyboard */ = {
			isa = PBXVariantGroup;
			children = (
				4133BD4B1D5ACF82001EA380 /* Base */,
			);
			name = ChatsView.storyboard;
			sourceTree = "<group>";
		};
/* End PBXVariantGroup section */

/* Begin XCBuildConfiguration section */
		4133BD1F1D5A884C001EA380 /* Debug */ = {
			isa = XCBuildConfiguration;
			buildSettings = {
				ALWAYS_SEARCH_USER_PATHS = NO;
				CLANG_ANALYZER_NONNULL = YES;
				CLANG_CXX_LANGUAGE_STANDARD = "gnu++0x";
				CLANG_CXX_LIBRARY = "libc++";
				CLANG_ENABLE_MODULES = YES;
				CLANG_ENABLE_OBJC_ARC = YES;
				CLANG_WARN_BOOL_CONVERSION = YES;
				CLANG_WARN_CONSTANT_CONVERSION = YES;
				CLANG_WARN_DIRECT_OBJC_ISA_USAGE = YES_ERROR;
				CLANG_WARN_EMPTY_BODY = YES;
				CLANG_WARN_ENUM_CONVERSION = YES;
				CLANG_WARN_INT_CONVERSION = YES;
				CLANG_WARN_OBJC_ROOT_CLASS = YES_ERROR;
				CLANG_WARN_UNREACHABLE_CODE = YES;
				CLANG_WARN__DUPLICATE_METHOD_MATCH = YES;
				"CODE_SIGN_IDENTITY[sdk=iphoneos*]" = "iPhone Developer";
				COPY_PHASE_STRIP = NO;
				DEBUG_INFORMATION_FORMAT = dwarf;
				ENABLE_STRICT_OBJC_MSGSEND = YES;
				ENABLE_TESTABILITY = YES;
				GCC_C_LANGUAGE_STANDARD = gnu99;
				GCC_DYNAMIC_NO_PIC = NO;
				GCC_NO_COMMON_BLOCKS = YES;
				GCC_OPTIMIZATION_LEVEL = 0;
				GCC_PREPROCESSOR_DEFINITIONS = (
					"DEBUG=1",
					"$(inherited)",
				);
				GCC_WARN_64_TO_32_BIT_CONVERSION = YES;
				GCC_WARN_ABOUT_RETURN_TYPE = YES_ERROR;
				GCC_WARN_UNDECLARED_SELECTOR = YES;
				GCC_WARN_UNINITIALIZED_AUTOS = YES_AGGRESSIVE;
				GCC_WARN_UNUSED_FUNCTION = YES;
				GCC_WARN_UNUSED_VARIABLE = YES;
				IPHONEOS_DEPLOYMENT_TARGET = 9.3;
				MTL_ENABLE_DEBUG_INFO = YES;
				ONLY_ACTIVE_ARCH = YES;
				SDKROOT = iphoneos;
				SWIFT_OPTIMIZATION_LEVEL = "-Onone";
			};
			name = Debug;
		};
		4133BD201D5A884C001EA380 /* Release */ = {
			isa = XCBuildConfiguration;
			buildSettings = {
				ALWAYS_SEARCH_USER_PATHS = NO;
				CLANG_ANALYZER_NONNULL = YES;
				CLANG_CXX_LANGUAGE_STANDARD = "gnu++0x";
				CLANG_CXX_LIBRARY = "libc++";
				CLANG_ENABLE_MODULES = YES;
				CLANG_ENABLE_OBJC_ARC = YES;
				CLANG_WARN_BOOL_CONVERSION = YES;
				CLANG_WARN_CONSTANT_CONVERSION = YES;
				CLANG_WARN_DIRECT_OBJC_ISA_USAGE = YES_ERROR;
				CLANG_WARN_EMPTY_BODY = YES;
				CLANG_WARN_ENUM_CONVERSION = YES;
				CLANG_WARN_INT_CONVERSION = YES;
				CLANG_WARN_OBJC_ROOT_CLASS = YES_ERROR;
				CLANG_WARN_UNREACHABLE_CODE = YES;
				CLANG_WARN__DUPLICATE_METHOD_MATCH = YES;
				"CODE_SIGN_IDENTITY[sdk=iphoneos*]" = "iPhone Developer";
				COPY_PHASE_STRIP = NO;
				DEBUG_INFORMATION_FORMAT = "dwarf-with-dsym";
				ENABLE_NS_ASSERTIONS = NO;
				ENABLE_STRICT_OBJC_MSGSEND = YES;
				GCC_C_LANGUAGE_STANDARD = gnu99;
				GCC_NO_COMMON_BLOCKS = YES;
				GCC_WARN_64_TO_32_BIT_CONVERSION = YES;
				GCC_WARN_ABOUT_RETURN_TYPE = YES_ERROR;
				GCC_WARN_UNDECLARED_SELECTOR = YES;
				GCC_WARN_UNINITIALIZED_AUTOS = YES_AGGRESSIVE;
				GCC_WARN_UNUSED_FUNCTION = YES;
				GCC_WARN_UNUSED_VARIABLE = YES;
				IPHONEOS_DEPLOYMENT_TARGET = 9.3;
				MTL_ENABLE_DEBUG_INFO = NO;
				SDKROOT = iphoneos;
				VALIDATE_PRODUCT = YES;
			};
			name = Release;
		};
		4133BD221D5A884C001EA380 /* Debug */ = {
			isa = XCBuildConfiguration;
			baseConfigurationReference = EC55034E9BE5841B9462767A /* Pods-noise.debug.xcconfig */;
			buildSettings = {
				ASSETCATALOG_COMPILER_APPICON_NAME = AppIcon;
				INFOPLIST_FILE = noise/Info.plist;
				IPHONEOS_DEPLOYMENT_TARGET = 9.3;
				LD_RUNPATH_SEARCH_PATHS = "$(inherited) @executable_path/Frameworks";
				PRODUCT_BUNDLE_IDENTIFIER = com.chivalrousgiants.noise;
				PRODUCT_NAME = "$(TARGET_NAME)";
				TARGETED_DEVICE_FAMILY = "1,2";
			};
			name = Debug;
		};
		4133BD231D5A884C001EA380 /* Release */ = {
			isa = XCBuildConfiguration;
			baseConfigurationReference = CDA99FFDD7F7E7F392F1770E /* Pods-noise.release.xcconfig */;
			buildSettings = {
				ASSETCATALOG_COMPILER_APPICON_NAME = AppIcon;
				INFOPLIST_FILE = noise/Info.plist;
				IPHONEOS_DEPLOYMENT_TARGET = 9.3;
				LD_RUNPATH_SEARCH_PATHS = "$(inherited) @executable_path/Frameworks";
				PRODUCT_BUNDLE_IDENTIFIER = com.chivalrousgiants.noise;
				PRODUCT_NAME = "$(TARGET_NAME)";
				TARGETED_DEVICE_FAMILY = "1,2";
			};
			name = Release;
		};
/* End XCBuildConfiguration section */

/* Begin XCConfigurationList section */
		4133BD0A1D5A884C001EA380 /* Build configuration list for PBXProject "noise" */ = {
			isa = XCConfigurationList;
			buildConfigurations = (
				4133BD1F1D5A884C001EA380 /* Debug */,
				4133BD201D5A884C001EA380 /* Release */,
			);
			defaultConfigurationIsVisible = 0;
			defaultConfigurationName = Release;
		};
		4133BD211D5A884C001EA380 /* Build configuration list for PBXNativeTarget "noise" */ = {
			isa = XCConfigurationList;
			buildConfigurations = (
				4133BD221D5A884C001EA380 /* Debug */,
				4133BD231D5A884C001EA380 /* Release */,
			);
			defaultConfigurationIsVisible = 0;
			defaultConfigurationName = Release;
		};
/* End XCConfigurationList section */
	};
	rootObject = 4133BD071D5A884C001EA380 /* Project object */;
}
